
Microsoft Visual Studio Solution File, Format Version 12.00
Project("{2150E333-8FDC-42A3-9474-1A3956D46DE8}") = "mod", "mod", "{E62D7B35-50C4-425D-B2CB-C6F01516C543}"
EndProject
Project("{2150E333-8FDC-42A3-9474-1A3956D46DE8}") = "public", "public", "{33741398-175E-4F3B-86EB-CF75BBF11A33}"
EndProject
Project("{2150E333-8FDC-42A3-9474-1A3956D46DE8}") = "lang", "lang", "{29FDE3C8-E068-417D-8AE0-BEB190984991}"
	ProjectSection(SolutionItems) = preProject
		lang\en.json = lang\en.json
	EndProjectSection
EndProject
Project("{2150E333-8FDC-42A3-9474-1A3956D46DE8}") = "src", "src", "{DF0D0824-2881-4E3E-8EEE-07417AC8A0EA}"
EndProject
Project("{FAE04EC0-301F-11D3-BF4B-00C04F79EFBC}") = "TTT", "src\TTT\TTT.csproj", "{A3897212-E497-438F-BB0E-005FD43B5DCC}"
EndProject
Project("{FAE04EC0-301F-11D3-BF4B-00C04F79EFBC}") = "TTT.Public", "public\TTT.Public\TTT.Public.csproj", "{FE8DA75E-E003-41E7-8FC1-764D0289C0D5}"
EndProject
Project("{FAE04EC0-301F-11D3-BF4B-00C04F79EFBC}") = "TTT.Logs", "mod\TTT.Logs\TTT.Logs.csproj", "{50052934-0A0B-420E-A0D8-3F460548F054}"
EndProject
Project("{FAE04EC0-301F-11D3-BF4B-00C04F79EFBC}") = "TTT.Generic", "src\TTT.Generic\TTT.Generic.csproj", "{43E24083-C493-4CEF-8972-B77549D6343A}"
EndProject
Project("{FAE04EC0-301F-11D3-BF4B-00C04F79EFBC}") = "TTT.Roles", "mod\TTT.Roles\TTT.Roles.csproj", "{F6D48879-589C-4C9B-AEB5-F5988F89AB38}"
EndProject
Project("{FAE04EC0-301F-11D3-BF4B-00C04F79EFBC}") = "TTT.Validator", "public\TTT.Validator\TTT.Validator.csproj", "{9C66CFF9-0AE5-46C1-908E-C2688FA6A32E}"
EndProject
Global
	GlobalSection(SolutionConfigurationPlatforms) = preSolution
		Debug|Any CPU = Debug|Any CPU
		Release|Any CPU = Release|Any CPU
	EndGlobalSection
	GlobalSection(ProjectConfigurationPlatforms) = postSolution
		{A3897212-E497-438F-BB0E-005FD43B5DCC}.Debug|Any CPU.ActiveCfg = Debug|Any CPU
		{A3897212-E497-438F-BB0E-005FD43B5DCC}.Debug|Any CPU.Build.0 = Debug|Any CPU
		{A3897212-E497-438F-BB0E-005FD43B5DCC}.Release|Any CPU.ActiveCfg = Release|Any CPU
		{A3897212-E497-438F-BB0E-005FD43B5DCC}.Release|Any CPU.Build.0 = Release|Any CPU
		{FE8DA75E-E003-41E7-8FC1-764D0289C0D5}.Debug|Any CPU.ActiveCfg = Debug|Any CPU
		{FE8DA75E-E003-41E7-8FC1-764D0289C0D5}.Debug|Any CPU.Build.0 = Debug|Any CPU
		{FE8DA75E-E003-41E7-8FC1-764D0289C0D5}.Release|Any CPU.ActiveCfg = Release|Any CPU
		{FE8DA75E-E003-41E7-8FC1-764D0289C0D5}.Release|Any CPU.Build.0 = Release|Any CPU
		{50052934-0A0B-420E-A0D8-3F460548F054}.Debug|Any CPU.ActiveCfg = Debug|Any CPU
		{50052934-0A0B-420E-A0D8-3F460548F054}.Debug|Any CPU.Build.0 = Debug|Any CPU
		{50052934-0A0B-420E-A0D8-3F460548F054}.Release|Any CPU.ActiveCfg = Release|Any CPU
		{50052934-0A0B-420E-A0D8-3F460548F054}.Release|Any CPU.Build.0 = Release|Any CPU
		{43E24083-C493-4CEF-8972-B77549D6343A}.Debug|Any CPU.ActiveCfg = Debug|Any CPU
		{43E24083-C493-4CEF-8972-B77549D6343A}.Debug|Any CPU.Build.0 = Debug|Any CPU
		{43E24083-C493-4CEF-8972-B77549D6343A}.Release|Any CPU.ActiveCfg = Release|Any CPU
		{43E24083-C493-4CEF-8972-B77549D6343A}.Release|Any CPU.Build.0 = Release|Any CPU
		{F6D48879-589C-4C9B-AEB5-F5988F89AB38}.Debug|Any CPU.ActiveCfg = Debug|Any CPU
		{F6D48879-589C-4C9B-AEB5-F5988F89AB38}.Debug|Any CPU.Build.0 = Debug|Any CPU
		{F6D48879-589C-4C9B-AEB5-F5988F89AB38}.Release|Any CPU.ActiveCfg = Release|Any CPU
		{F6D48879-589C-4C9B-AEB5-F5988F89AB38}.Release|Any CPU.Build.0 = Release|Any CPU
		{9C66CFF9-0AE5-46C1-908E-C2688FA6A32E}.Debug|Any CPU.ActiveCfg = Debug|Any CPU
		{9C66CFF9-0AE5-46C1-908E-C2688FA6A32E}.Debug|Any CPU.Build.0 = Debug|Any CPU
		{9C66CFF9-0AE5-46C1-908E-C2688FA6A32E}.Release|Any CPU.ActiveCfg = Release|Any CPU
		{9C66CFF9-0AE5-46C1-908E-C2688FA6A32E}.Release|Any CPU.Build.0 = Release|Any CPU
	EndGlobalSection
	GlobalSection(NestedProjects) = preSolution
		{A3897212-E497-438F-BB0E-005FD43B5DCC} = {DF0D0824-2881-4E3E-8EEE-07417AC8A0EA}
		{FE8DA75E-E003-41E7-8FC1-764D0289C0D5} = {33741398-175E-4F3B-86EB-CF75BBF11A33}
		{50052934-0A0B-420E-A0D8-3F460548F054} = {E62D7B35-50C4-425D-B2CB-C6F01516C543}
		{43E24083-C493-4CEF-8972-B77549D6343A} = {DF0D0824-2881-4E3E-8EEE-07417AC8A0EA}
		{F6D48879-589C-4C9B-AEB5-F5988F89AB38} = {E62D7B35-50C4-425D-B2CB-C6F01516C543}
		{9C66CFF9-0AE5-46C1-908E-C2688FA6A32E} = {33741398-175E-4F3B-86EB-CF75BBF11A33}
	EndGlobalSection
EndGlobal
