
Microsoft Visual Studio Solution File, Format Version 12.00
Project("{2150E333-8FDC-42A3-9474-1A3956D46DE8}") = "mod", "mod", "{E62D7B35-50C4-425D-B2CB-C6F01516C543}"
EndProject
Project("{2150E333-8FDC-42A3-9474-1A3956D46DE8}") = "public", "public", "{33741398-175E-4F3B-86EB-CF75BBF11A33}"
EndProject
Project("{2150E333-8FDC-42A3-9474-1A3956D46DE8}") = "lang", "lang", "{29FDE3C8-E068-417D-8AE0-BEB190984991}"
EndProject
Project("{2150E333-8FDC-42A3-9474-1A3956D46DE8}") = "src", "src", "{DF0D0824-2881-4E3E-8EEE-07417AC8A0EA}"
EndProject
Project("{FAE04EC0-301F-11D3-BF4B-00C04F79EFBC}") = "TTT", "src\TTT\TTT.csproj", "{A3897212-E497-438F-BB0E-005FD43B5DCC}"
EndProject
Project("{FAE04EC0-301F-11D3-BF4B-00C04F79EFBC}") = "TTT.Public", "public\TTT.Public\TTT.Public.csproj", "{FE8DA75E-E003-41E7-8FC1-764D0289C0D5}"
EndProject
Project("{FAE04EC0-301F-11D3-BF4B-00C04F79EFBC}") = "TTT.English", "lang\TTT.English\TTT.English.csproj", "{D2D716E1-2B87-405F-9C49-564C4E0023A4}"
EndProject
Project("{FAE04EC0-301F-11D3-BF4B-00C04F79EFBC}") = "TTT.Formatting", "public\TTT.Formatting\TTT.Formatting.csproj", "{C42CF404-3365-4724-ABE4-2CB46DA60503}"
EndProject
Project("{FAE04EC0-301F-11D3-BF4B-00C04F79EFBC}") = "TTT.Logs", "TTT.Logs\TTT.Logs.csproj", "{39A86213-DA8C-42EB-8189-F61D3E8A0606}"
EndProject
Global
	GlobalSection(SolutionConfigurationPlatforms) = preSolution
		Debug|Any CPU = Debug|Any CPU
		Release|Any CPU = Release|Any CPU
	EndGlobalSection
	GlobalSection(ProjectConfigurationPlatforms) = postSolution
		{A3897212-E497-438F-BB0E-005FD43B5DCC}.Debug|Any CPU.ActiveCfg = Debug|Any CPU
		{A3897212-E497-438F-BB0E-005FD43B5DCC}.Debug|Any CPU.Build.0 = Debug|Any CPU
		{A3897212-E497-438F-BB0E-005FD43B5DCC}.Release|Any CPU.ActiveCfg = Release|Any CPU
		{A3897212-E497-438F-BB0E-005FD43B5DCC}.Release|Any CPU.Build.0 = Release|Any CPU
		{FE8DA75E-E003-41E7-8FC1-764D0289C0D5}.Debug|Any CPU.ActiveCfg = Debug|Any CPU
		{FE8DA75E-E003-41E7-8FC1-764D0289C0D5}.Debug|Any CPU.Build.0 = Debug|Any CPU
		{FE8DA75E-E003-41E7-8FC1-764D0289C0D5}.Release|Any CPU.ActiveCfg = Release|Any CPU
		{FE8DA75E-E003-41E7-8FC1-764D0289C0D5}.Release|Any CPU.Build.0 = Release|Any CPU
		{D2D716E1-2B87-405F-9C49-564C4E0023A4}.Debug|Any CPU.ActiveCfg = Debug|Any CPU
		{D2D716E1-2B87-405F-9C49-564C4E0023A4}.Debug|Any CPU.Build.0 = Debug|Any CPU
		{D2D716E1-2B87-405F-9C49-564C4E0023A4}.Release|Any CPU.ActiveCfg = Release|Any CPU
		{D2D716E1-2B87-405F-9C49-564C4E0023A4}.Release|Any CPU.Build.0 = Release|Any CPU
		{C42CF404-3365-4724-ABE4-2CB46DA60503}.Debug|Any CPU.ActiveCfg = Debug|Any CPU
		{C42CF404-3365-4724-ABE4-2CB46DA60503}.Debug|Any CPU.Build.0 = Debug|Any CPU
		{C42CF404-3365-4724-ABE4-2CB46DA60503}.Release|Any CPU.ActiveCfg = Release|Any CPU
		{C42CF404-3365-4724-ABE4-2CB46DA60503}.Release|Any CPU.Build.0 = Release|Any CPU
		{39A86213-DA8C-42EB-8189-F61D3E8A0606}.Debug|Any CPU.ActiveCfg = Debug|Any CPU
		{39A86213-DA8C-42EB-8189-F61D3E8A0606}.Debug|Any CPU.Build.0 = Debug|Any CPU
		{39A86213-DA8C-42EB-8189-F61D3E8A0606}.Release|Any CPU.ActiveCfg = Release|Any CPU
		{39A86213-DA8C-42EB-8189-F61D3E8A0606}.Release|Any CPU.Build.0 = Release|Any CPU
	EndGlobalSection
	GlobalSection(NestedProjects) = preSolution
		{A3897212-E497-438F-BB0E-005FD43B5DCC} = {DF0D0824-2881-4E3E-8EEE-07417AC8A0EA}
		{FE8DA75E-E003-41E7-8FC1-764D0289C0D5} = {33741398-175E-4F3B-86EB-CF75BBF11A33}
		{D2D716E1-2B87-405F-9C49-564C4E0023A4} = {29FDE3C8-E068-417D-8AE0-BEB190984991}
		{C42CF404-3365-4724-ABE4-2CB46DA60503} = {33741398-175E-4F3B-86EB-CF75BBF11A33}
		{39A86213-DA8C-42EB-8189-F61D3E8A0606} = {E62D7B35-50C4-425D-B2CB-C6F01516C543}
	EndGlobalSection
EndGlobal
